
Microsoft Visual Studio Solution File, Format Version 12.00
# Visual Studio 15
VisualStudioVersion = 15.0.27428.2005
MinimumVisualStudioVersion = 10.0.40219.1
Project("{FAE04EC0-301F-11D3-BF4B-00C04F79EFBC}") = "mutliselect", "C:\Users\singjasp-cont\Documents\Visual Studio 2010\Projects\WebApplication2\WebApplication2\mutliselect.csproj", "{5BD8D547-5616-4206-B27D-F02ED290A5BE}"
EndProject
Global
	GlobalSection(SolutionConfigurationPlatforms) = preSolution
		Debug|Any CPU = Debug|Any CPU
		Release|Any CPU = Release|Any CPU
	EndGlobalSection
	GlobalSection(ProjectConfigurationPlatforms) = postSolution
		{5BD8D547-5616-4206-B27D-F02ED290A5BE}.Debug|Any CPU.ActiveCfg = Debug|Any CPU
		{5BD8D547-5616-4206-B27D-F02ED290A5BE}.Debug|Any CPU.Build.0 = Debug|Any CPU
		{5BD8D547-5616-4206-B27D-F02ED290A5BE}.Release|Any CPU.ActiveCfg = Release|Any CPU
		{5BD8D547-5616-4206-B27D-F02ED290A5BE}.Release|Any CPU.Build.0 = Release|Any CPU
	EndGlobalSection
	GlobalSection(SolutionProperties) = preSolution
		HideSolutionNode = FALSE
	EndGlobalSection
	GlobalSection(ExtensibilityGlobals) = postSolution
		SolutionGuid = {90C461CF-6801-45C3-9258-BE88F5FA0F13}
	EndGlobalSection
EndGlobal
